
Microsoft Visual Studio Solution File, Format Version 12.00
# Visual Studio Version 17
VisualStudioVersion = 17.5.33424.131
MinimumVisualStudioVersion = 10.0.40219.1
Project("{FAE04EC0-301F-11D3-BF4B-00C04F79EFBC}") = "MStarSupplyApp.Presentation", "MStarSupplyApp.Presentation\MStarSupplyApp.Presentation.csproj", "{A0756A88-AFD1-4D81-9598-2F80488E9EC4}"
EndProject
Project("{FAE04EC0-301F-11D3-BF4B-00C04F79EFBC}") = "MStarSupplyApp.Data", "MStarSupplyApp.Data\MStarSupplyApp.Data.csproj", "{ADD70ED1-11D9-43CD-855F-6914F8D5C912}"
EndProject
Project("{2150E333-8FDC-42A3-9474-1A3956D46DE8}") = "Presentation", "Presentation", "{292F5D19-4400-48F3-A386-F59C862DFC2A}"
EndProject
Project("{2150E333-8FDC-42A3-9474-1A3956D46DE8}") = "Data", "Data", "{33054DE8-5536-4491-8DD9-5EB91E92C4EA}"
EndProject
Global
	GlobalSection(SolutionConfigurationPlatforms) = preSolution
		Debug|Any CPU = Debug|Any CPU
		Release|Any CPU = Release|Any CPU
	EndGlobalSection
	GlobalSection(ProjectConfigurationPlatforms) = postSolution
		{A0756A88-AFD1-4D81-9598-2F80488E9EC4}.Debug|Any CPU.ActiveCfg = Debug|Any CPU
		{A0756A88-AFD1-4D81-9598-2F80488E9EC4}.Debug|Any CPU.Build.0 = Debug|Any CPU
		{A0756A88-AFD1-4D81-9598-2F80488E9EC4}.Release|Any CPU.ActiveCfg = Release|Any CPU
		{A0756A88-AFD1-4D81-9598-2F80488E9EC4}.Release|Any CPU.Build.0 = Release|Any CPU
		{ADD70ED1-11D9-43CD-855F-6914F8D5C912}.Debug|Any CPU.ActiveCfg = Debug|Any CPU
		{ADD70ED1-11D9-43CD-855F-6914F8D5C912}.Debug|Any CPU.Build.0 = Debug|Any CPU
		{ADD70ED1-11D9-43CD-855F-6914F8D5C912}.Release|Any CPU.ActiveCfg = Release|Any CPU
		{ADD70ED1-11D9-43CD-855F-6914F8D5C912}.Release|Any CPU.Build.0 = Release|Any CPU
	EndGlobalSection
	GlobalSection(SolutionProperties) = preSolution
		HideSolutionNode = FALSE
	EndGlobalSection
	GlobalSection(NestedProjects) = preSolution
		{A0756A88-AFD1-4D81-9598-2F80488E9EC4} = {292F5D19-4400-48F3-A386-F59C862DFC2A}
		{ADD70ED1-11D9-43CD-855F-6914F8D5C912} = {33054DE8-5536-4491-8DD9-5EB91E92C4EA}
	EndGlobalSection
	GlobalSection(ExtensibilityGlobals) = postSolution
		SolutionGuid = {2A60DDC7-24C8-4F43-B05B-4B3E3D5420B4}
	EndGlobalSection
EndGlobal
